// !$*UTF8*$!
{
	archiveVersion = 1;
	classes = {
	};
	objectVersion = 56;
	objects = {

/* Begin PBXBuildFile section */
		CC4BC85A2912EBC200A69FF9 /* ChatApp.swift in Sources */ = {isa = PBXBuildFile; fileRef = CC4BC8592912EBC200A69FF9 /* ChatApp.swift */; };
		CC4BC85C2912EBC200A69FF9 /* ContentView.swift in Sources */ = {isa = PBXBuildFile; fileRef = CC4BC85B2912EBC200A69FF9 /* ContentView.swift */; };
		CC4BC85E2912EBC400A69FF9 /* Assets.xcassets in Resources */ = {isa = PBXBuildFile; fileRef = CC4BC85D2912EBC400A69FF9 /* Assets.xcassets */; };
		CC4BC8612912EBC400A69FF9 /* Preview Assets.xcassets in Resources */ = {isa = PBXBuildFile; fileRef = CC4BC8602912EBC400A69FF9 /* Preview Assets.xcassets */; };
		CC4BC86B2912EBC500A69FF9 /* ChatTests.swift in Sources */ = {isa = PBXBuildFile; fileRef = CC4BC86A2912EBC500A69FF9 /* ChatTests.swift */; };
		CC4BC8752912EBC500A69FF9 /* ChatUITests.swift in Sources */ = {isa = PBXBuildFile; fileRef = CC4BC8742912EBC500A69FF9 /* ChatUITests.swift */; };
		CC4BC8772912EBC500A69FF9 /* ChatUITestsLaunchTests.swift in Sources */ = {isa = PBXBuildFile; fileRef = CC4BC8762912EBC500A69FF9 /* ChatUITestsLaunchTests.swift */; };
		CC4BC8852912F5A800A69FF9 /* MessageModel.swift in Sources */ = {isa = PBXBuildFile; fileRef = CC4BC8842912F5A800A69FF9 /* MessageModel.swift */; };
		CC4BC8872912F60900A69FF9 /* MessageContentView.swift in Sources */ = {isa = PBXBuildFile; fileRef = CC4BC8862912F60900A69FF9 /* MessageContentView.swift */; };
		CC4BC88A2912FA2500A69FF9 /* MessageView.swift in Sources */ = {isa = PBXBuildFile; fileRef = CC4BC8892912FA2500A69FF9 /* MessageView.swift */; };
		CCE16E6D29196CCB006DD1CF /* ConversationView.swift in Sources */ = {isa = PBXBuildFile; fileRef = CCE16E6C29196CCB006DD1CF /* ConversationView.swift */; };
		CCE16E6F29197582006DD1CF /* ConversationViewModel.swift in Sources */ = {isa = PBXBuildFile; fileRef = CCE16E6E29197582006DD1CF /* ConversationViewModel.swift */; };
		CCE16E71291981FC006DD1CF /* MessageInputView.swift in Sources */ = {isa = PBXBuildFile; fileRef = CCE16E70291981FC006DD1CF /* MessageInputView.swift */; };
		CCE16E7429198533006DD1CF /* SignUpView.swift in Sources */ = {isa = PBXBuildFile; fileRef = CCE16E7329198533006DD1CF /* SignUpView.swift */; };
		CCE16E7629198566006DD1CF /* SignUpViewModel.swift in Sources */ = {isa = PBXBuildFile; fileRef = CCE16E7529198566006DD1CF /* SignUpViewModel.swift */; };
/* End PBXBuildFile section */

/* Begin PBXContainerItemProxy section */
		CC4BC8672912EBC500A69FF9 /* PBXContainerItemProxy */ = {
			isa = PBXContainerItemProxy;
			containerPortal = CC4BC84E2912EBC200A69FF9 /* Project object */;
			proxyType = 1;
			remoteGlobalIDString = CC4BC8552912EBC200A69FF9;
			remoteInfo = Chat;
		};
		CC4BC8712912EBC500A69FF9 /* PBXContainerItemProxy */ = {
			isa = PBXContainerItemProxy;
			containerPortal = CC4BC84E2912EBC200A69FF9 /* Project object */;
			proxyType = 1;
			remoteGlobalIDString = CC4BC8552912EBC200A69FF9;
			remoteInfo = Chat;
		};
/* End PBXContainerItemProxy section */

/* Begin PBXFileReference section */
		CC4BC8562912EBC200A69FF9 /* Chat.app */ = {isa = PBXFileReference; explicitFileType = wrapper.application; includeInIndex = 0; path = Chat.app; sourceTree = BUILT_PRODUCTS_DIR; };
		CC4BC8592912EBC200A69FF9 /* ChatApp.swift */ = {isa = PBXFileReference; lastKnownFileType = sourcecode.swift; path = ChatApp.swift; sourceTree = "<group>"; };
		CC4BC85B2912EBC200A69FF9 /* ContentView.swift */ = {isa = PBXFileReference; lastKnownFileType = sourcecode.swift; path = ContentView.swift; sourceTree = "<group>"; };
		CC4BC85D2912EBC400A69FF9 /* Assets.xcassets */ = {isa = PBXFileReference; lastKnownFileType = folder.assetcatalog; path = Assets.xcassets; sourceTree = "<group>"; };
		CC4BC8602912EBC400A69FF9 /* Preview Assets.xcassets */ = {isa = PBXFileReference; lastKnownFileType = folder.assetcatalog; path = "Preview Assets.xcassets"; sourceTree = "<group>"; };
		CC4BC8662912EBC500A69FF9 /* ChatTests.xctest */ = {isa = PBXFileReference; explicitFileType = wrapper.cfbundle; includeInIndex = 0; path = ChatTests.xctest; sourceTree = BUILT_PRODUCTS_DIR; };
		CC4BC86A2912EBC500A69FF9 /* ChatTests.swift */ = {isa = PBXFileReference; lastKnownFileType = sourcecode.swift; path = ChatTests.swift; sourceTree = "<group>"; };
		CC4BC8702912EBC500A69FF9 /* ChatUITests.xctest */ = {isa = PBXFileReference; explicitFileType = wrapper.cfbundle; includeInIndex = 0; path = ChatUITests.xctest; sourceTree = BUILT_PRODUCTS_DIR; };
		CC4BC8742912EBC500A69FF9 /* ChatUITests.swift */ = {isa = PBXFileReference; lastKnownFileType = sourcecode.swift; path = ChatUITests.swift; sourceTree = "<group>"; };
		CC4BC8762912EBC500A69FF9 /* ChatUITestsLaunchTests.swift */ = {isa = PBXFileReference; lastKnownFileType = sourcecode.swift; path = ChatUITestsLaunchTests.swift; sourceTree = "<group>"; };
		CC4BC8842912F5A800A69FF9 /* MessageModel.swift */ = {isa = PBXFileReference; lastKnownFileType = sourcecode.swift; path = MessageModel.swift; sourceTree = "<group>"; };
		CC4BC8862912F60900A69FF9 /* MessageContentView.swift */ = {isa = PBXFileReference; lastKnownFileType = sourcecode.swift; path = MessageContentView.swift; sourceTree = "<group>"; };
		CC4BC8892912FA2500A69FF9 /* MessageView.swift */ = {isa = PBXFileReference; lastKnownFileType = sourcecode.swift; path = MessageView.swift; sourceTree = "<group>"; };
		CCE16E6C29196CCB006DD1CF /* ConversationView.swift */ = {isa = PBXFileReference; lastKnownFileType = sourcecode.swift; path = ConversationView.swift; sourceTree = "<group>"; };
		CCE16E6E29197582006DD1CF /* ConversationViewModel.swift */ = {isa = PBXFileReference; lastKnownFileType = sourcecode.swift; path = ConversationViewModel.swift; sourceTree = "<group>"; };
		CCE16E70291981FC006DD1CF /* MessageInputView.swift */ = {isa = PBXFileReference; lastKnownFileType = sourcecode.swift; path = MessageInputView.swift; sourceTree = "<group>"; };
		CCE16E7329198533006DD1CF /* SignUpView.swift */ = {isa = PBXFileReference; lastKnownFileType = sourcecode.swift; path = SignUpView.swift; sourceTree = "<group>"; };
		CCE16E7529198566006DD1CF /* SignUpViewModel.swift */ = {isa = PBXFileReference; lastKnownFileType = sourcecode.swift; path = SignUpViewModel.swift; sourceTree = "<group>"; };
/* End PBXFileReference section */

/* Begin PBXFrameworksBuildPhase section */
		CC4BC8532912EBC200A69FF9 /* Frameworks */ = {
			isa = PBXFrameworksBuildPhase;
			buildActionMask = 2147483647;
			files = (
			);
			runOnlyForDeploymentPostprocessing = 0;
		};
		CC4BC8632912EBC500A69FF9 /* Frameworks */ = {
			isa = PBXFrameworksBuildPhase;
			buildActionMask = 2147483647;
			files = (
			);
			runOnlyForDeploymentPostprocessing = 0;
		};
		CC4BC86D2912EBC500A69FF9 /* Frameworks */ = {
			isa = PBXFrameworksBuildPhase;
			buildActionMask = 2147483647;
			files = (
			);
			runOnlyForDeploymentPostprocessing = 0;
		};
/* End PBXFrameworksBuildPhase section */

/* Begin PBXGroup section */
		CC4BC84D2912EBC200A69FF9 = {
			isa = PBXGroup;
			children = (
				CC4BC8582912EBC200A69FF9 /* Chat */,
				CC4BC8692912EBC500A69FF9 /* ChatTests */,
				CC4BC8732912EBC500A69FF9 /* ChatUITests */,
				CC4BC8572912EBC200A69FF9 /* Products */,
			);
			sourceTree = "<group>";
		};
		CC4BC8572912EBC200A69FF9 /* Products */ = {
			isa = PBXGroup;
			children = (
				CC4BC8562912EBC200A69FF9 /* Chat.app */,
				CC4BC8662912EBC500A69FF9 /* ChatTests.xctest */,
				CC4BC8702912EBC500A69FF9 /* ChatUITests.xctest */,
			);
			name = Products;
			sourceTree = "<group>";
		};
		CC4BC8582912EBC200A69FF9 /* Chat */ = {
			isa = PBXGroup;
			children = (
				CCE16E7229198525006DD1CF /* SignIn */,
				CC4BC8882912FA1300A69FF9 /* Conversation */,
				CC4BC8592912EBC200A69FF9 /* ChatApp.swift */,
				CC4BC85B2912EBC200A69FF9 /* ContentView.swift */,
				CC4BC85D2912EBC400A69FF9 /* Assets.xcassets */,
				CC4BC85F2912EBC400A69FF9 /* Preview Content */,
			);
			path = Chat;
			sourceTree = "<group>";
		};
		CC4BC85F2912EBC400A69FF9 /* Preview Content */ = {
			isa = PBXGroup;
			children = (
				CC4BC8602912EBC400A69FF9 /* Preview Assets.xcassets */,
			);
			path = "Preview Content";
			sourceTree = "<group>";
		};
		CC4BC8692912EBC500A69FF9 /* ChatTests */ = {
			isa = PBXGroup;
			children = (
				CC4BC86A2912EBC500A69FF9 /* ChatTests.swift */,
			);
			path = ChatTests;
			sourceTree = "<group>";
		};
		CC4BC8732912EBC500A69FF9 /* ChatUITests */ = {
			isa = PBXGroup;
			children = (
				CC4BC8742912EBC500A69FF9 /* ChatUITests.swift */,
				CC4BC8762912EBC500A69FF9 /* ChatUITestsLaunchTests.swift */,
			);
			path = ChatUITests;
			sourceTree = "<group>";
		};
		CC4BC8832912F59900A69FF9 /* Model */ = {
			isa = PBXGroup;
			children = (
				CC4BC8842912F5A800A69FF9 /* MessageModel.swift */,
			);
			path = Model;
			sourceTree = "<group>";
		};
		CC4BC8882912FA1300A69FF9 /* Conversation */ = {
			isa = PBXGroup;
			children = (
				CC4BC8832912F59900A69FF9 /* Model */,
				CC4BC8862912F60900A69FF9 /* MessageContentView.swift */,
				CC4BC8892912FA2500A69FF9 /* MessageView.swift */,
				CCE16E6C29196CCB006DD1CF /* ConversationView.swift */,
				CCE16E70291981FC006DD1CF /* MessageInputView.swift */,
				CCE16E6E29197582006DD1CF /* ConversationViewModel.swift */,
			);
			path = Conversation;
			sourceTree = "<group>";
		};
		CCE16E7229198525006DD1CF /* SignIn */ = {
			isa = PBXGroup;
			children = (
				CCE16E7329198533006DD1CF /* SignUpView.swift */,
				CCE16E7529198566006DD1CF /* SignUpViewModel.swift */,
			);
			path = SignIn;
			sourceTree = "<group>";
		};
/* End PBXGroup section */

/* Begin PBXNativeTarget section */
		CC4BC8552912EBC200A69FF9 /* Chat */ = {
			isa = PBXNativeTarget;
			buildConfigurationList = CC4BC87A2912EBC500A69FF9 /* Build configuration list for PBXNativeTarget "Chat" */;
			buildPhases = (
				CC4BC8522912EBC200A69FF9 /* Sources */,
				CC4BC8532912EBC200A69FF9 /* Frameworks */,
				CC4BC8542912EBC200A69FF9 /* Resources */,
			);
			buildRules = (
			);
			dependencies = (
			);
			name = Chat;
			productName = Chat;
			productReference = CC4BC8562912EBC200A69FF9 /* Chat.app */;
			productType = "com.apple.product-type.application";
		};
		CC4BC8652912EBC500A69FF9 /* ChatTests */ = {
			isa = PBXNativeTarget;
			buildConfigurationList = CC4BC87D2912EBC500A69FF9 /* Build configuration list for PBXNativeTarget "ChatTests" */;
			buildPhases = (
				CC4BC8622912EBC500A69FF9 /* Sources */,
				CC4BC8632912EBC500A69FF9 /* Frameworks */,
				CC4BC8642912EBC500A69FF9 /* Resources */,
			);
			buildRules = (
			);
			dependencies = (
				CC4BC8682912EBC500A69FF9 /* PBXTargetDependency */,
			);
			name = ChatTests;
			productName = ChatTests;
			productReference = CC4BC8662912EBC500A69FF9 /* ChatTests.xctest */;
			productType = "com.apple.product-type.bundle.unit-test";
		};
		CC4BC86F2912EBC500A69FF9 /* ChatUITests */ = {
			isa = PBXNativeTarget;
			buildConfigurationList = CC4BC8802912EBC500A69FF9 /* Build configuration list for PBXNativeTarget "ChatUITests" */;
			buildPhases = (
				CC4BC86C2912EBC500A69FF9 /* Sources */,
				CC4BC86D2912EBC500A69FF9 /* Frameworks */,
				CC4BC86E2912EBC500A69FF9 /* Resources */,
			);
			buildRules = (
			);
			dependencies = (
				CC4BC8722912EBC500A69FF9 /* PBXTargetDependency */,
			);
			name = ChatUITests;
			productName = ChatUITests;
			productReference = CC4BC8702912EBC500A69FF9 /* ChatUITests.xctest */;
			productType = "com.apple.product-type.bundle.ui-testing";
		};
/* End PBXNativeTarget section */

/* Begin PBXProject section */
		CC4BC84E2912EBC200A69FF9 /* Project object */ = {
			isa = PBXProject;
			attributes = {
				BuildIndependentTargetsInParallel = 1;
				LastSwiftUpdateCheck = 1410;
				LastUpgradeCheck = 1410;
				TargetAttributes = {
					CC4BC8552912EBC200A69FF9 = {
						CreatedOnToolsVersion = 14.1;
					};
					CC4BC8652912EBC500A69FF9 = {
						CreatedOnToolsVersion = 14.1;
						TestTargetID = CC4BC8552912EBC200A69FF9;
					};
					CC4BC86F2912EBC500A69FF9 = {
						CreatedOnToolsVersion = 14.1;
						TestTargetID = CC4BC8552912EBC200A69FF9;
					};
				};
			};
			buildConfigurationList = CC4BC8512912EBC200A69FF9 /* Build configuration list for PBXProject "Chat" */;
			compatibilityVersion = "Xcode 14.0";
			developmentRegion = en;
			hasScannedForEncodings = 0;
			knownRegions = (
				en,
				Base,
			);
			mainGroup = CC4BC84D2912EBC200A69FF9;
			productRefGroup = CC4BC8572912EBC200A69FF9 /* Products */;
			projectDirPath = "";
			projectRoot = "";
			targets = (
				CC4BC8552912EBC200A69FF9 /* Chat */,
				CC4BC8652912EBC500A69FF9 /* ChatTests */,
				CC4BC86F2912EBC500A69FF9 /* ChatUITests */,
			);
		};
/* End PBXProject section */

/* Begin PBXResourcesBuildPhase section */
		CC4BC8542912EBC200A69FF9 /* Resources */ = {
			isa = PBXResourcesBuildPhase;
			buildActionMask = 2147483647;
			files = (
				CC4BC8612912EBC400A69FF9 /* Preview Assets.xcassets in Resources */,
				CC4BC85E2912EBC400A69FF9 /* Assets.xcassets in Resources */,
			);
			runOnlyForDeploymentPostprocessing = 0;
		};
		CC4BC8642912EBC500A69FF9 /* Resources */ = {
			isa = PBXResourcesBuildPhase;
			buildActionMask = 2147483647;
			files = (
			);
			runOnlyForDeploymentPostprocessing = 0;
		};
		CC4BC86E2912EBC500A69FF9 /* Resources */ = {
			isa = PBXResourcesBuildPhase;
			buildActionMask = 2147483647;
			files = (
			);
			runOnlyForDeploymentPostprocessing = 0;
		};
/* End PBXResourcesBuildPhase section */

/* Begin PBXSourcesBuildPhase section */
		CC4BC8522912EBC200A69FF9 /* Sources */ = {
			isa = PBXSourcesBuildPhase;
			buildActionMask = 2147483647;
			files = (
				CCE16E6F29197582006DD1CF /* ConversationViewModel.swift in Sources */,
				CCE16E71291981FC006DD1CF /* MessageInputView.swift in Sources */,
				CCE16E7629198566006DD1CF /* SignUpViewModel.swift in Sources */,
				CC4BC85C2912EBC200A69FF9 /* ContentView.swift in Sources */,
				CC4BC8852912F5A800A69FF9 /* MessageModel.swift in Sources */,
				CC4BC8872912F60900A69FF9 /* MessageContentView.swift in Sources */,
				CC4BC85A2912EBC200A69FF9 /* ChatApp.swift in Sources */,
				CC4BC88A2912FA2500A69FF9 /* MessageView.swift in Sources */,
				CCE16E7429198533006DD1CF /* SignUpView.swift in Sources */,
				CCE16E6D29196CCB006DD1CF /* ConversationView.swift in Sources */,
			);
			runOnlyForDeploymentPostprocessing = 0;
		};
		CC4BC8622912EBC500A69FF9 /* Sources */ = {
			isa = PBXSourcesBuildPhase;
			buildActionMask = 2147483647;
			files = (
				CC4BC86B2912EBC500A69FF9 /* ChatTests.swift in Sources */,
			);
			runOnlyForDeploymentPostprocessing = 0;
		};
		CC4BC86C2912EBC500A69FF9 /* Sources */ = {
			isa = PBXSourcesBuildPhase;
			buildActionMask = 2147483647;
			files = (
				CC4BC8772912EBC500A69FF9 /* ChatUITestsLaunchTests.swift in Sources */,
				CC4BC8752912EBC500A69FF9 /* ChatUITests.swift in Sources */,
			);
			runOnlyForDeploymentPostprocessing = 0;
		};
/* End PBXSourcesBuildPhase section */

/* Begin PBXTargetDependency section */
		CC4BC8682912EBC500A69FF9 /* PBXTargetDependency */ = {
			isa = PBXTargetDependency;
			target = CC4BC8552912EBC200A69FF9 /* Chat */;
			targetProxy = CC4BC8672912EBC500A69FF9 /* PBXContainerItemProxy */;
		};
		CC4BC8722912EBC500A69FF9 /* PBXTargetDependency */ = {
			isa = PBXTargetDependency;
			target = CC4BC8552912EBC200A69FF9 /* Chat */;
			targetProxy = CC4BC8712912EBC500A69FF9 /* PBXContainerItemProxy */;
		};
/* End PBXTargetDependency section */

/* Begin XCBuildConfiguration section */
		CC4BC8782912EBC500A69FF9 /* Debug */ = {
			isa = XCBuildConfiguration;
			buildSettings = {
				ALWAYS_SEARCH_USER_PATHS = NO;
				CLANG_ANALYZER_NONNULL = YES;
				CLANG_ANALYZER_NUMBER_OBJECT_CONVERSION = YES_AGGRESSIVE;
				CLANG_CXX_LANGUAGE_STANDARD = "gnu++20";
				CLANG_ENABLE_MODULES = YES;
				CLANG_ENABLE_OBJC_ARC = YES;
				CLANG_ENABLE_OBJC_WEAK = YES;
				CLANG_WARN_BLOCK_CAPTURE_AUTORELEASING = YES;
				CLANG_WARN_BOOL_CONVERSION = YES;
				CLANG_WARN_COMMA = YES;
				CLANG_WARN_CONSTANT_CONVERSION = YES;
				CLANG_WARN_DEPRECATED_OBJC_IMPLEMENTATIONS = YES;
				CLANG_WARN_DIRECT_OBJC_ISA_USAGE = YES_ERROR;
				CLANG_WARN_DOCUMENTATION_COMMENTS = YES;
				CLANG_WARN_EMPTY_BODY = YES;
				CLANG_WARN_ENUM_CONVERSION = YES;
				CLANG_WARN_INFINITE_RECURSION = YES;
				CLANG_WARN_INT_CONVERSION = YES;
				CLANG_WARN_NON_LITERAL_NULL_CONVERSION = YES;
				CLANG_WARN_OBJC_IMPLICIT_RETAIN_SELF = YES;
				CLANG_WARN_OBJC_LITERAL_CONVERSION = YES;
				CLANG_WARN_OBJC_ROOT_CLASS = YES_ERROR;
				CLANG_WARN_QUOTED_INCLUDE_IN_FRAMEWORK_HEADER = YES;
				CLANG_WARN_RANGE_LOOP_ANALYSIS = YES;
				CLANG_WARN_STRICT_PROTOTYPES = YES;
				CLANG_WARN_SUSPICIOUS_MOVE = YES;
				CLANG_WARN_UNGUARDED_AVAILABILITY = YES_AGGRESSIVE;
				CLANG_WARN_UNREACHABLE_CODE = YES;
				CLANG_WARN__DUPLICATE_METHOD_MATCH = YES;
				COPY_PHASE_STRIP = NO;
				DEBUG_INFORMATION_FORMAT = dwarf;
				ENABLE_STRICT_OBJC_MSGSEND = YES;
				ENABLE_TESTABILITY = YES;
				GCC_C_LANGUAGE_STANDARD = gnu11;
				GCC_DYNAMIC_NO_PIC = NO;
				GCC_NO_COMMON_BLOCKS = YES;
				GCC_OPTIMIZATION_LEVEL = 0;
				GCC_PREPROCESSOR_DEFINITIONS = (
					"DEBUG=1",
					"$(inherited)",
				);
				GCC_WARN_64_TO_32_BIT_CONVERSION = YES;
				GCC_WARN_ABOUT_RETURN_TYPE = YES_ERROR;
				GCC_WARN_UNDECLARED_SELECTOR = YES;
				GCC_WARN_UNINITIALIZED_AUTOS = YES_AGGRESSIVE;
				GCC_WARN_UNUSED_FUNCTION = YES;
				GCC_WARN_UNUSED_VARIABLE = YES;
				IPHONEOS_DEPLOYMENT_TARGET = 16.1;
				MTL_ENABLE_DEBUG_INFO = INCLUDE_SOURCE;
				MTL_FAST_MATH = YES;
				ONLY_ACTIVE_ARCH = YES;
				SDKROOT = iphoneos;
				SWIFT_ACTIVE_COMPILATION_CONDITIONS = DEBUG;
				SWIFT_OPTIMIZATION_LEVEL = "-Onone";
			};
			name = Debug;
		};
		CC4BC8792912EBC500A69FF9 /* Release */ = {
			isa = XCBuildConfiguration;
			buildSettings = {
				ALWAYS_SEARCH_USER_PATHS = NO;
				CLANG_ANALYZER_NONNULL = YES;
				CLANG_ANALYZER_NUMBER_OBJECT_CONVERSION = YES_AGGRESSIVE;
				CLANG_CXX_LANGUAGE_STANDARD = "gnu++20";
				CLANG_ENABLE_MODULES = YES;
				CLANG_ENABLE_OBJC_ARC = YES;
				CLANG_ENABLE_OBJC_WEAK = YES;
				CLANG_WARN_BLOCK_CAPTURE_AUTORELEASING = YES;
				CLANG_WARN_BOOL_CONVERSION = YES;
				CLANG_WARN_COMMA = YES;
				CLANG_WARN_CONSTANT_CONVERSION = YES;
				CLANG_WARN_DEPRECATED_OBJC_IMPLEMENTATIONS = YES;
				CLANG_WARN_DIRECT_OBJC_ISA_USAGE = YES_ERROR;
				CLANG_WARN_DOCUMENTATION_COMMENTS = YES;
				CLANG_WARN_EMPTY_BODY = YES;
				CLANG_WARN_ENUM_CONVERSION = YES;
				CLANG_WARN_INFINITE_RECURSION = YES;
				CLANG_WARN_INT_CONVERSION = YES;
				CLANG_WARN_NON_LITERAL_NULL_CONVERSION = YES;
				CLANG_WARN_OBJC_IMPLICIT_RETAIN_SELF = YES;
				CLANG_WARN_OBJC_LITERAL_CONVERSION = YES;
				CLANG_WARN_OBJC_ROOT_CLASS = YES_ERROR;
				CLANG_WARN_QUOTED_INCLUDE_IN_FRAMEWORK_HEADER = YES;
				CLANG_WARN_RANGE_LOOP_ANALYSIS = YES;
				CLANG_WARN_STRICT_PROTOTYPES = YES;
				CLANG_WARN_SUSPICIOUS_MOVE = YES;
				CLANG_WARN_UNGUARDED_AVAILABILITY = YES_AGGRESSIVE;
				CLANG_WARN_UNREACHABLE_CODE = YES;
				CLANG_WARN__DUPLICATE_METHOD_MATCH = YES;
				COPY_PHASE_STRIP = NO;
				DEBUG_INFORMATION_FORMAT = "dwarf-with-dsym";
				ENABLE_NS_ASSERTIONS = NO;
				ENABLE_STRICT_OBJC_MSGSEND = YES;
				GCC_C_LANGUAGE_STANDARD = gnu11;
				GCC_NO_COMMON_BLOCKS = YES;
				GCC_WARN_64_TO_32_BIT_CONVERSION = YES;
				GCC_WARN_ABOUT_RETURN_TYPE = YES_ERROR;
				GCC_WARN_UNDECLARED_SELECTOR = YES;
				GCC_WARN_UNINITIALIZED_AUTOS = YES_AGGRESSIVE;
				GCC_WARN_UNUSED_FUNCTION = YES;
				GCC_WARN_UNUSED_VARIABLE = YES;
				IPHONEOS_DEPLOYMENT_TARGET = 16.1;
				MTL_ENABLE_DEBUG_INFO = NO;
				MTL_FAST_MATH = YES;
				SDKROOT = iphoneos;
				SWIFT_COMPILATION_MODE = wholemodule;
				SWIFT_OPTIMIZATION_LEVEL = "-O";
				VALIDATE_PRODUCT = YES;
			};
			name = Release;
		};
		CC4BC87B2912EBC500A69FF9 /* Debug */ = {
			isa = XCBuildConfiguration;
			buildSettings = {
				ASSETCATALOG_COMPILER_APPICON_NAME = AppIcon;
				ASSETCATALOG_COMPILER_GLOBAL_ACCENT_COLOR_NAME = AccentColor;
				CODE_SIGN_STYLE = Automatic;
				CURRENT_PROJECT_VERSION = 1;
				DEVELOPMENT_ASSET_PATHS = "\"Chat/Preview Content\"";
				DEVELOPMENT_TEAM = MK6NLH3LG7;
				ENABLE_PREVIEWS = YES;
				GENERATE_INFOPLIST_FILE = YES;
				INFOPLIST_KEY_UIApplicationSceneManifest_Generation = YES;
				INFOPLIST_KEY_UIApplicationSupportsIndirectInputEvents = YES;
				INFOPLIST_KEY_UILaunchScreen_Generation = YES;
				INFOPLIST_KEY_UISupportedInterfaceOrientations_iPad = "UIInterfaceOrientationPortrait UIInterfaceOrientationPortraitUpsideDown UIInterfaceOrientationLandscapeLeft UIInterfaceOrientationLandscapeRight";
				INFOPLIST_KEY_UISupportedInterfaceOrientations_iPhone = "UIInterfaceOrientationPortrait UIInterfaceOrientationLandscapeLeft UIInterfaceOrientationLandscapeRight";
				LD_RUNPATH_SEARCH_PATHS = (
					"$(inherited)",
					"@executable_path/Frameworks",
				);
				MARKETING_VERSION = 1.0;
				PRODUCT_BUNDLE_IDENTIFIER = com.polachova.rachel.Chat;
				PRODUCT_NAME = "$(TARGET_NAME)";
				SWIFT_EMIT_LOC_STRINGS = YES;
				SWIFT_VERSION = 5.0;
				TARGETED_DEVICE_FAMILY = "1,2";
			};
			name = Debug;
		};
		CC4BC87C2912EBC500A69FF9 /* Release */ = {
			isa = XCBuildConfiguration;
			buildSettings = {
				ASSETCATALOG_COMPILER_APPICON_NAME = AppIcon;
				ASSETCATALOG_COMPILER_GLOBAL_ACCENT_COLOR_NAME = AccentColor;
				CODE_SIGN_STYLE = Automatic;
				CURRENT_PROJECT_VERSION = 1;
				DEVELOPMENT_ASSET_PATHS = "\"Chat/Preview Content\"";
				DEVELOPMENT_TEAM = MK6NLH3LG7;
				ENABLE_PREVIEWS = YES;
				GENERATE_INFOPLIST_FILE = YES;
				INFOPLIST_KEY_UIApplicationSceneManifest_Generation = YES;
				INFOPLIST_KEY_UIApplicationSupportsIndirectInputEvents = YES;
				INFOPLIST_KEY_UILaunchScreen_Generation = YES;
				INFOPLIST_KEY_UISupportedInterfaceOrientations_iPad = "UIInterfaceOrientationPortrait UIInterfaceOrientationPortraitUpsideDown UIInterfaceOrientationLandscapeLeft UIInterfaceOrientationLandscapeRight";
				INFOPLIST_KEY_UISupportedInterfaceOrientations_iPhone = "UIInterfaceOrientationPortrait UIInterfaceOrientationLandscapeLeft UIInterfaceOrientationLandscapeRight";
				LD_RUNPATH_SEARCH_PATHS = (
					"$(inherited)",
					"@executable_path/Frameworks",
				);
				MARKETING_VERSION = 1.0;
				PRODUCT_BUNDLE_IDENTIFIER = com.polachova.rachel.Chat;
				PRODUCT_NAME = "$(TARGET_NAME)";
				SWIFT_EMIT_LOC_STRINGS = YES;
				SWIFT_VERSION = 5.0;
				TARGETED_DEVICE_FAMILY = "1,2";
			};
			name = Release;
		};
		CC4BC87E2912EBC500A69FF9 /* Debug */ = {
			isa = XCBuildConfiguration;
			buildSettings = {
				ALWAYS_EMBED_SWIFT_STANDARD_LIBRARIES = YES;
				BUNDLE_LOADER = "$(TEST_HOST)";
				CODE_SIGN_STYLE = Automatic;
				CURRENT_PROJECT_VERSION = 1;
				DEVELOPMENT_TEAM = MK6NLH3LG7;
				GENERATE_INFOPLIST_FILE = YES;
				IPHONEOS_DEPLOYMENT_TARGET = 16.1;
				MARKETING_VERSION = 1.0;
				PRODUCT_BUNDLE_IDENTIFIER = com.polachova.rachel.ChatTests;
				PRODUCT_NAME = "$(TARGET_NAME)";
				SWIFT_EMIT_LOC_STRINGS = NO;
				SWIFT_VERSION = 5.0;
				TARGETED_DEVICE_FAMILY = "1,2";
				TEST_HOST = "$(BUILT_PRODUCTS_DIR)/Chat.app/$(BUNDLE_EXECUTABLE_FOLDER_PATH)/Chat";
			};
			name = Debug;
		};
		CC4BC87F2912EBC500A69FF9 /* Release */ = {
			isa = XCBuildConfiguration;
			buildSettings = {
				ALWAYS_EMBED_SWIFT_STANDARD_LIBRARIES = YES;
				BUNDLE_LOADER = "$(TEST_HOST)";
				CODE_SIGN_STYLE = Automatic;
				CURRENT_PROJECT_VERSION = 1;
				DEVELOPMENT_TEAM = MK6NLH3LG7;
				GENERATE_INFOPLIST_FILE = YES;
				IPHONEOS_DEPLOYMENT_TARGET = 16.1;
				MARKETING_VERSION = 1.0;
				PRODUCT_BUNDLE_IDENTIFIER = com.polachova.rachel.ChatTests;
				PRODUCT_NAME = "$(TARGET_NAME)";
				SWIFT_EMIT_LOC_STRINGS = NO;
				SWIFT_VERSION = 5.0;
				TARGETED_DEVICE_FAMILY = "1,2";
				TEST_HOST = "$(BUILT_PRODUCTS_DIR)/Chat.app/$(BUNDLE_EXECUTABLE_FOLDER_PATH)/Chat";
			};
			name = Release;
		};
		CC4BC8812912EBC500A69FF9 /* Debug */ = {
			isa = XCBuildConfiguration;
			buildSettings = {
				ALWAYS_EMBED_SWIFT_STANDARD_LIBRARIES = YES;
				CODE_SIGN_STYLE = Automatic;
				CURRENT_PROJECT_VERSION = 1;
				DEVELOPMENT_TEAM = MK6NLH3LG7;
				GENERATE_INFOPLIST_FILE = YES;
				MARKETING_VERSION = 1.0;
				PRODUCT_BUNDLE_IDENTIFIER = com.polachova.rachel.ChatUITests;
				PRODUCT_NAME = "$(TARGET_NAME)";
				SWIFT_EMIT_LOC_STRINGS = NO;
				SWIFT_VERSION = 5.0;
				TARGETED_DEVICE_FAMILY = "1,2";
				TEST_TARGET_NAME = Chat;
			};
			name = Debug;
		};
		CC4BC8822912EBC500A69FF9 /* Release */ = {
			isa = XCBuildConfiguration;
			buildSettings = {
				ALWAYS_EMBED_SWIFT_STANDARD_LIBRARIES = YES;
				CODE_SIGN_STYLE = Automatic;
				CURRENT_PROJECT_VERSION = 1;
				DEVELOPMENT_TEAM = MK6NLH3LG7;
				GENERATE_INFOPLIST_FILE = YES;
				MARKETING_VERSION = 1.0;
				PRODUCT_BUNDLE_IDENTIFIER = com.polachova.rachel.ChatUITests;
				PRODUCT_NAME = "$(TARGET_NAME)";
				SWIFT_EMIT_LOC_STRINGS = NO;
				SWIFT_VERSION = 5.0;
				TARGETED_DEVICE_FAMILY = "1,2";
				TEST_TARGET_NAME = Chat;
			};
			name = Release;
		};
/* End XCBuildConfiguration section */

/* Begin XCConfigurationList section */
		CC4BC8512912EBC200A69FF9 /* Build configuration list for PBXProject "Chat" */ = {
			isa = XCConfigurationList;
			buildConfigurations = (
				CC4BC8782912EBC500A69FF9 /* Debug */,
				CC4BC8792912EBC500A69FF9 /* Release */,
			);
			defaultConfigurationIsVisible = 0;
			defaultConfigurationName = Release;
		};
		CC4BC87A2912EBC500A69FF9 /* Build configuration list for PBXNativeTarget "Chat" */ = {
			isa = XCConfigurationList;
			buildConfigurations = (
				CC4BC87B2912EBC500A69FF9 /* Debug */,
				CC4BC87C2912EBC500A69FF9 /* Release */,
			);
			defaultConfigurationIsVisible = 0;
			defaultConfigurationName = Release;
		};
		CC4BC87D2912EBC500A69FF9 /* Build configuration list for PBXNativeTarget "ChatTests" */ = {
			isa = XCConfigurationList;
			buildConfigurations = (
				CC4BC87E2912EBC500A69FF9 /* Debug */,
				CC4BC87F2912EBC500A69FF9 /* Release */,
			);
			defaultConfigurationIsVisible = 0;
			defaultConfigurationName = Release;
		};
		CC4BC8802912EBC500A69FF9 /* Build configuration list for PBXNativeTarget "ChatUITests" */ = {
			isa = XCConfigurationList;
			buildConfigurations = (
				CC4BC8812912EBC500A69FF9 /* Debug */,
				CC4BC8822912EBC500A69FF9 /* Release */,
			);
			defaultConfigurationIsVisible = 0;
			defaultConfigurationName = Release;
		};
/* End XCConfigurationList section */
	};
	rootObject = CC4BC84E2912EBC200A69FF9 /* Project object */;
}
