// !$*UTF8*$!
{
	archiveVersion = 1;
	classes = {
	};
	objectVersion = 56;
	objects = {

/* Begin PBXBuildFile section */
		345F515329352D6F00723658 /* UsersService.swift in Sources */ = {isa = PBXBuildFile; fileRef = 345F515229352D6F00723658 /* UsersService.swift */; };
		345F51552935343200723658 /* MessageViewModel.swift in Sources */ = {isa = PBXBuildFile; fileRef = 345F51542935343200723658 /* MessageViewModel.swift */; };
		345F515929353F3600723658 /* ConversationViewModelTests.swift in Sources */ = {isa = PBXBuildFile; fileRef = 345F515829353F3600723658 /* ConversationViewModelTests.swift */; };
		345F515C293540D300723658 /* ChatServiceMock.swift in Sources */ = {isa = PBXBuildFile; fileRef = 345F515B293540D300723658 /* ChatServiceMock.swift */; };
		34879797292E9E090029B95A /* GoogleService-Info.plist in Resources */ = {isa = PBXBuildFile; fileRef = 34879796292E9E090029B95A /* GoogleService-Info.plist */; };
		34879799292EAB0E0029B95A /* UserModel.swift in Sources */ = {isa = PBXBuildFile; fileRef = 34879798292EAB0E0029B95A /* UserModel.swift */; };
		34A5FA7E2937C65C00A25262 /* AuthServiceMock.swift in Sources */ = {isa = PBXBuildFile; fileRef = 34A5FA7D2937C65C00A25262 /* AuthServiceMock.swift */; };
		34A5FA812937DA4400A25262 /* SettingsServiceTests.swift in Sources */ = {isa = PBXBuildFile; fileRef = 34A5FA802937DA4400A25262 /* SettingsServiceTests.swift */; };
		34A5FA842937E17F00A25262 /* StorageMock.swift in Sources */ = {isa = PBXBuildFile; fileRef = 34A5FA832937E17F00A25262 /* StorageMock.swift */; };
		34A5FA862937E57B00A25262 /* FirestoreMock.swift in Sources */ = {isa = PBXBuildFile; fileRef = 34A5FA852937E57B00A25262 /* FirestoreMock.swift */; };
		CC08010B292BF60900A6C02F /* ChatService.swift in Sources */ = {isa = PBXBuildFile; fileRef = CC08010A292BF60900A6C02F /* ChatService.swift */; };
		CC08010D292BF71600A6C02F /* FirebaseFirestore in Frameworks */ = {isa = PBXBuildFile; productRef = CC08010C292BF71600A6C02F /* FirebaseFirestore */; };
		CC08010F292BF71C00A6C02F /* FirebaseFirestoreCombine-Community in Frameworks */ = {isa = PBXBuildFile; productRef = CC08010E292BF71C00A6C02F /* FirebaseFirestoreCombine-Community */; };
		CC080113292BF80200A6C02F /* DbMessageModel.swift in Sources */ = {isa = PBXBuildFile; fileRef = CC080112292BF80200A6C02F /* DbMessageModel.swift */; };
		CC1E6DF42922A9E700946FAF /* ChatAppViewModel.swift in Sources */ = {isa = PBXBuildFile; fileRef = CC1E6DF32922A9E700946FAF /* ChatAppViewModel.swift */; };
		CC1E6DF72922AFD800946FAF /* AuthService.swift in Sources */ = {isa = PBXBuildFile; fileRef = CC1E6DF62922AFD800946FAF /* AuthService.swift */; };
		CC1E6DF92922B12F00946FAF /* SignUpError.swift in Sources */ = {isa = PBXBuildFile; fileRef = CC1E6DF82922B12F00946FAF /* SignUpError.swift */; };
		CC1E6DFD2922BA1200946FAF /* SettingsService.swift in Sources */ = {isa = PBXBuildFile; fileRef = CC1E6DFC2922BA1200946FAF /* SettingsService.swift */; };
		CC4BC85A2912EBC200A69FF9 /* ChatApp.swift in Sources */ = {isa = PBXBuildFile; fileRef = CC4BC8592912EBC200A69FF9 /* ChatApp.swift */; };
		CC4BC85C2912EBC200A69FF9 /* ContentView.swift in Sources */ = {isa = PBXBuildFile; fileRef = CC4BC85B2912EBC200A69FF9 /* ContentView.swift */; };
		CC4BC85E2912EBC400A69FF9 /* Assets.xcassets in Resources */ = {isa = PBXBuildFile; fileRef = CC4BC85D2912EBC400A69FF9 /* Assets.xcassets */; };
		CC4BC8612912EBC400A69FF9 /* Preview Assets.xcassets in Resources */ = {isa = PBXBuildFile; fileRef = CC4BC8602912EBC400A69FF9 /* Preview Assets.xcassets */; };
		CC4BC8852912F5A800A69FF9 /* MessageModel.swift in Sources */ = {isa = PBXBuildFile; fileRef = CC4BC8842912F5A800A69FF9 /* MessageModel.swift */; };
		CC4BC8872912F60900A69FF9 /* MessageContentView.swift in Sources */ = {isa = PBXBuildFile; fileRef = CC4BC8862912F60900A69FF9 /* MessageContentView.swift */; };
		CC4BC88A2912FA2500A69FF9 /* MessageView.swift in Sources */ = {isa = PBXBuildFile; fileRef = CC4BC8892912FA2500A69FF9 /* MessageView.swift */; };
		CCDCEFD5292E864B00B41445 /* ChatGroupsOverviewView.swift in Sources */ = {isa = PBXBuildFile; fileRef = CCDCEFD4292E864B00B41445 /* ChatGroupsOverviewView.swift */; };
		CCDCEFD8292E86CF00B41445 /* GroupModel.swift in Sources */ = {isa = PBXBuildFile; fileRef = CCDCEFD7292E86CF00B41445 /* GroupModel.swift */; };
		CCDCEFDA292E876B00B41445 /* ChatGroupsOverviewViewModel.swift in Sources */ = {isa = PBXBuildFile; fileRef = CCDCEFD9292E876B00B41445 /* ChatGroupsOverviewViewModel.swift */; };
		CCDD8465291C0F76001B4AF7 /* String+validation.swift in Sources */ = {isa = PBXBuildFile; fileRef = CCDD8464291C0F76001B4AF7 /* String+validation.swift */; };
		CCDD8467291C1389001B4AF7 /* SignInView.swift in Sources */ = {isa = PBXBuildFile; fileRef = CCDD8466291C1389001B4AF7 /* SignInView.swift */; };
		CCDD8469291C1508001B4AF7 /* SignInViewModel.swift in Sources */ = {isa = PBXBuildFile; fileRef = CCDD8468291C1508001B4AF7 /* SignInViewModel.swift */; };
		CCDD846C291C1852001B4AF7 /* MainButtonStyle.swift in Sources */ = {isa = PBXBuildFile; fileRef = CCDD846B291C1852001B4AF7 /* MainButtonStyle.swift */; };
		CCDD846F291C1ADF001B4AF7 /* SettingsView.swift in Sources */ = {isa = PBXBuildFile; fileRef = CCDD846E291C1ADF001B4AF7 /* SettingsView.swift */; };
		CCDD8475291C1B2B001B4AF7 /* RootView.swift in Sources */ = {isa = PBXBuildFile; fileRef = CCDD8474291C1B2B001B4AF7 /* RootView.swift */; };
		CCDD8477291C230F001B4AF7 /* SettingsViewModel.swift in Sources */ = {isa = PBXBuildFile; fileRef = CCDD8476291C230F001B4AF7 /* SettingsViewModel.swift */; };
		CCDD847A291C339E001B4AF7 /* FirebaseAuth in Frameworks */ = {isa = PBXBuildFile; productRef = CCDD8479291C339E001B4AF7 /* FirebaseAuth */; };
		CCDD847C291C339E001B4AF7 /* FirebaseAuthCombine-Community in Frameworks */ = {isa = PBXBuildFile; productRef = CCDD847B291C339E001B4AF7 /* FirebaseAuthCombine-Community */; };
		CCDD847E291C339E001B4AF7 /* FirebaseCrashlytics in Frameworks */ = {isa = PBXBuildFile; productRef = CCDD847D291C339E001B4AF7 /* FirebaseCrashlytics */; };
		CCDD8480291C339E001B4AF7 /* FirebaseStorage in Frameworks */ = {isa = PBXBuildFile; productRef = CCDD847F291C339E001B4AF7 /* FirebaseStorage */; };
		CCDD8482291C339E001B4AF7 /* FirebaseStorageCombine-Community in Frameworks */ = {isa = PBXBuildFile; productRef = CCDD8481291C339E001B4AF7 /* FirebaseStorageCombine-Community */; };
		CCE16E6D29196CCB006DD1CF /* ConversationView.swift in Sources */ = {isa = PBXBuildFile; fileRef = CCE16E6C29196CCB006DD1CF /* ConversationView.swift */; };
		CCE16E6F29197582006DD1CF /* ConversationViewModel.swift in Sources */ = {isa = PBXBuildFile; fileRef = CCE16E6E29197582006DD1CF /* ConversationViewModel.swift */; };
		CCE16E71291981FC006DD1CF /* MessageInputView.swift in Sources */ = {isa = PBXBuildFile; fileRef = CCE16E70291981FC006DD1CF /* MessageInputView.swift */; };
		CCE16E7429198533006DD1CF /* SignUpView.swift in Sources */ = {isa = PBXBuildFile; fileRef = CCE16E7329198533006DD1CF /* SignUpView.swift */; };
		CCE16E7629198566006DD1CF /* SignUpViewModel.swift in Sources */ = {isa = PBXBuildFile; fileRef = CCE16E7529198566006DD1CF /* SignUpViewModel.swift */; };
/* End PBXBuildFile section */

/* Begin PBXContainerItemProxy section */
		CC4BC8672912EBC500A69FF9 /* PBXContainerItemProxy */ = {
			isa = PBXContainerItemProxy;
			containerPortal = CC4BC84E2912EBC200A69FF9 /* Project object */;
			proxyType = 1;
			remoteGlobalIDString = CC4BC8552912EBC200A69FF9;
			remoteInfo = Chat;
		};
/* End PBXContainerItemProxy section */

/* Begin PBXFileReference section */
		345F515229352D6F00723658 /* UsersService.swift */ = {isa = PBXFileReference; lastKnownFileType = sourcecode.swift; path = UsersService.swift; sourceTree = "<group>"; };
		345F51542935343200723658 /* MessageViewModel.swift */ = {isa = PBXFileReference; lastKnownFileType = sourcecode.swift; path = MessageViewModel.swift; sourceTree = "<group>"; };
		345F515829353F3600723658 /* ConversationViewModelTests.swift */ = {isa = PBXFileReference; lastKnownFileType = sourcecode.swift; path = ConversationViewModelTests.swift; sourceTree = "<group>"; };
		345F515B293540D300723658 /* ChatServiceMock.swift */ = {isa = PBXFileReference; lastKnownFileType = sourcecode.swift; path = ChatServiceMock.swift; sourceTree = "<group>"; };
		34879796292E9E090029B95A /* GoogleService-Info.plist */ = {isa = PBXFileReference; lastKnownFileType = text.plist; path = "GoogleService-Info.plist"; sourceTree = SOURCE_ROOT; };
		34879798292EAB0E0029B95A /* UserModel.swift */ = {isa = PBXFileReference; lastKnownFileType = sourcecode.swift; path = UserModel.swift; sourceTree = "<group>"; };
		34A5FA7D2937C65C00A25262 /* AuthServiceMock.swift */ = {isa = PBXFileReference; lastKnownFileType = sourcecode.swift; path = AuthServiceMock.swift; sourceTree = "<group>"; };
		34A5FA802937DA4400A25262 /* SettingsServiceTests.swift */ = {isa = PBXFileReference; lastKnownFileType = sourcecode.swift; path = SettingsServiceTests.swift; sourceTree = "<group>"; };
		34A5FA832937E17F00A25262 /* StorageMock.swift */ = {isa = PBXFileReference; lastKnownFileType = sourcecode.swift; path = StorageMock.swift; sourceTree = "<group>"; };
		34A5FA852937E57B00A25262 /* FirestoreMock.swift */ = {isa = PBXFileReference; lastKnownFileType = sourcecode.swift; path = FirestoreMock.swift; sourceTree = "<group>"; };
		CC08010A292BF60900A6C02F /* ChatService.swift */ = {isa = PBXFileReference; lastKnownFileType = sourcecode.swift; path = ChatService.swift; sourceTree = "<group>"; };
		CC080112292BF80200A6C02F /* DbMessageModel.swift */ = {isa = PBXFileReference; lastKnownFileType = sourcecode.swift; path = DbMessageModel.swift; sourceTree = "<group>"; };
		CC1E6DF32922A9E700946FAF /* ChatAppViewModel.swift */ = {isa = PBXFileReference; lastKnownFileType = sourcecode.swift; path = ChatAppViewModel.swift; sourceTree = "<group>"; };
		CC1E6DF62922AFD800946FAF /* AuthService.swift */ = {isa = PBXFileReference; lastKnownFileType = sourcecode.swift; path = AuthService.swift; sourceTree = "<group>"; };
		CC1E6DF82922B12F00946FAF /* SignUpError.swift */ = {isa = PBXFileReference; lastKnownFileType = sourcecode.swift; path = SignUpError.swift; sourceTree = "<group>"; };
		CC1E6DFC2922BA1200946FAF /* SettingsService.swift */ = {isa = PBXFileReference; lastKnownFileType = sourcecode.swift; path = SettingsService.swift; sourceTree = "<group>"; };
		CC4BC8562912EBC200A69FF9 /* Chat.app */ = {isa = PBXFileReference; explicitFileType = wrapper.application; includeInIndex = 0; path = Chat.app; sourceTree = BUILT_PRODUCTS_DIR; };
		CC4BC8592912EBC200A69FF9 /* ChatApp.swift */ = {isa = PBXFileReference; lastKnownFileType = sourcecode.swift; path = ChatApp.swift; sourceTree = "<group>"; };
		CC4BC85B2912EBC200A69FF9 /* ContentView.swift */ = {isa = PBXFileReference; lastKnownFileType = sourcecode.swift; path = ContentView.swift; sourceTree = "<group>"; };
		CC4BC85D2912EBC400A69FF9 /* Assets.xcassets */ = {isa = PBXFileReference; lastKnownFileType = folder.assetcatalog; path = Assets.xcassets; sourceTree = "<group>"; };
		CC4BC8602912EBC400A69FF9 /* Preview Assets.xcassets */ = {isa = PBXFileReference; lastKnownFileType = folder.assetcatalog; path = "Preview Assets.xcassets"; sourceTree = "<group>"; };
		CC4BC8662912EBC500A69FF9 /* ChatTests.xctest */ = {isa = PBXFileReference; explicitFileType = wrapper.cfbundle; includeInIndex = 0; path = ChatTests.xctest; sourceTree = BUILT_PRODUCTS_DIR; };
		CC4BC8842912F5A800A69FF9 /* MessageModel.swift */ = {isa = PBXFileReference; lastKnownFileType = sourcecode.swift; path = MessageModel.swift; sourceTree = "<group>"; };
		CC4BC8862912F60900A69FF9 /* MessageContentView.swift */ = {isa = PBXFileReference; lastKnownFileType = sourcecode.swift; path = MessageContentView.swift; sourceTree = "<group>"; };
		CC4BC8892912FA2500A69FF9 /* MessageView.swift */ = {isa = PBXFileReference; lastKnownFileType = sourcecode.swift; path = MessageView.swift; sourceTree = "<group>"; };
		CCDCEFD4292E864B00B41445 /* ChatGroupsOverviewView.swift */ = {isa = PBXFileReference; lastKnownFileType = sourcecode.swift; path = ChatGroupsOverviewView.swift; sourceTree = "<group>"; };
		CCDCEFD7292E86CF00B41445 /* GroupModel.swift */ = {isa = PBXFileReference; lastKnownFileType = sourcecode.swift; path = GroupModel.swift; sourceTree = "<group>"; };
		CCDCEFD9292E876B00B41445 /* ChatGroupsOverviewViewModel.swift */ = {isa = PBXFileReference; lastKnownFileType = sourcecode.swift; path = ChatGroupsOverviewViewModel.swift; sourceTree = "<group>"; };
		CCDD8464291C0F76001B4AF7 /* String+validation.swift */ = {isa = PBXFileReference; lastKnownFileType = sourcecode.swift; path = "String+validation.swift"; sourceTree = "<group>"; };
		CCDD8466291C1389001B4AF7 /* SignInView.swift */ = {isa = PBXFileReference; lastKnownFileType = sourcecode.swift; path = SignInView.swift; sourceTree = "<group>"; };
		CCDD8468291C1508001B4AF7 /* SignInViewModel.swift */ = {isa = PBXFileReference; lastKnownFileType = sourcecode.swift; path = SignInViewModel.swift; sourceTree = "<group>"; };
		CCDD846B291C1852001B4AF7 /* MainButtonStyle.swift */ = {isa = PBXFileReference; lastKnownFileType = sourcecode.swift; path = MainButtonStyle.swift; sourceTree = "<group>"; };
		CCDD846E291C1ADF001B4AF7 /* SettingsView.swift */ = {isa = PBXFileReference; lastKnownFileType = sourcecode.swift; path = SettingsView.swift; sourceTree = "<group>"; };
		CCDD8474291C1B2B001B4AF7 /* RootView.swift */ = {isa = PBXFileReference; lastKnownFileType = sourcecode.swift; path = RootView.swift; sourceTree = "<group>"; };
		CCDD8476291C230F001B4AF7 /* SettingsViewModel.swift */ = {isa = PBXFileReference; lastKnownFileType = sourcecode.swift; path = SettingsViewModel.swift; sourceTree = "<group>"; };
		CCE16E6C29196CCB006DD1CF /* ConversationView.swift */ = {isa = PBXFileReference; lastKnownFileType = sourcecode.swift; path = ConversationView.swift; sourceTree = "<group>"; };
		CCE16E6E29197582006DD1CF /* ConversationViewModel.swift */ = {isa = PBXFileReference; lastKnownFileType = sourcecode.swift; path = ConversationViewModel.swift; sourceTree = "<group>"; };
		CCE16E70291981FC006DD1CF /* MessageInputView.swift */ = {isa = PBXFileReference; lastKnownFileType = sourcecode.swift; path = MessageInputView.swift; sourceTree = "<group>"; };
		CCE16E7329198533006DD1CF /* SignUpView.swift */ = {isa = PBXFileReference; lastKnownFileType = sourcecode.swift; path = SignUpView.swift; sourceTree = "<group>"; };
		CCE16E7529198566006DD1CF /* SignUpViewModel.swift */ = {isa = PBXFileReference; lastKnownFileType = sourcecode.swift; path = SignUpViewModel.swift; sourceTree = "<group>"; };
/* End PBXFileReference section */

/* Begin PBXFrameworksBuildPhase section */
		CC4BC8532912EBC200A69FF9 /* Frameworks */ = {
			isa = PBXFrameworksBuildPhase;
			buildActionMask = 2147483647;
			files = (
				CCDD847E291C339E001B4AF7 /* FirebaseCrashlytics in Frameworks */,
				CCDD8480291C339E001B4AF7 /* FirebaseStorage in Frameworks */,
				CCDD8482291C339E001B4AF7 /* FirebaseStorageCombine-Community in Frameworks */,
				CCDD847A291C339E001B4AF7 /* FirebaseAuth in Frameworks */,
				CCDD847C291C339E001B4AF7 /* FirebaseAuthCombine-Community in Frameworks */,
				CC08010D292BF71600A6C02F /* FirebaseFirestore in Frameworks */,
				CC08010F292BF71C00A6C02F /* FirebaseFirestoreCombine-Community in Frameworks */,
			);
			runOnlyForDeploymentPostprocessing = 0;
		};
		CC4BC8632912EBC500A69FF9 /* Frameworks */ = {
			isa = PBXFrameworksBuildPhase;
			buildActionMask = 2147483647;
			files = (
			);
			runOnlyForDeploymentPostprocessing = 0;
		};
/* End PBXFrameworksBuildPhase section */

/* Begin PBXGroup section */
		345F515629353EE000723658 /* Scenes */ = {
			isa = PBXGroup;
			children = (
				345F515729353EE400723658 /* Conversation */,
			);
			path = Scenes;
			sourceTree = "<group>";
		};
		345F515729353EE400723658 /* Conversation */ = {
			isa = PBXGroup;
			children = (
				345F515A293540CA00723658 /* Mocks */,
				345F515829353F3600723658 /* ConversationViewModelTests.swift */,
			);
			path = Conversation;
			sourceTree = "<group>";
		};
		345F515A293540CA00723658 /* Mocks */ = {
			isa = PBXGroup;
			children = (
				345F515B293540D300723658 /* ChatServiceMock.swift */,
				34A5FA7D2937C65C00A25262 /* AuthServiceMock.swift */,
			);
			path = Mocks;
			sourceTree = "<group>";
		};
		34A5FA7F2937DA2500A25262 /* Services */ = {
			isa = PBXGroup;
			children = (
				34A5FA822937E17800A25262 /* Mocks */,
				34A5FA802937DA4400A25262 /* SettingsServiceTests.swift */,
			);
			path = Services;
			sourceTree = "<group>";
		};
		34A5FA822937E17800A25262 /* Mocks */ = {
			isa = PBXGroup;
			children = (
				34A5FA832937E17F00A25262 /* StorageMock.swift */,
				34A5FA852937E57B00A25262 /* FirestoreMock.swift */,
			);
			path = Mocks;
			sourceTree = "<group>";
		};
		CC080110292BF7CB00A6C02F /* Chat */ = {
			isa = PBXGroup;
			children = (
				CC08010A292BF60900A6C02F /* ChatService.swift */,
			);
			path = Chat;
			sourceTree = "<group>";
		};
		CC080111292BF7E500A6C02F /* Model */ = {
			isa = PBXGroup;
			children = (
				CC080112292BF80200A6C02F /* DbMessageModel.swift */,
				34879798292EAB0E0029B95A /* UserModel.swift */,
			);
			path = Model;
			sourceTree = "<group>";
		};
		CC1E6DF52922AFC800946FAF /* Services */ = {
			isa = PBXGroup;
			children = (
				CC080111292BF7E500A6C02F /* Model */,
				CC080110292BF7CB00A6C02F /* Chat */,
				CC1E6DF62922AFD800946FAF /* AuthService.swift */,
				345F515229352D6F00723658 /* UsersService.swift */,
				CC1E6DFC2922BA1200946FAF /* SettingsService.swift */,
			);
			path = Services;
			sourceTree = "<group>";
		};
		CC1E6DFE2922BA5200946FAF /* Frameworks */ = {
			isa = PBXGroup;
			children = (
			);
			name = Frameworks;
			sourceTree = "<group>";
		};
		CC4BC84D2912EBC200A69FF9 = {
			isa = PBXGroup;
			children = (
				CC4BC8582912EBC200A69FF9 /* Chat */,
				CC4BC8692912EBC500A69FF9 /* ChatTests */,
				CC4BC8572912EBC200A69FF9 /* Products */,
				CC1E6DFE2922BA5200946FAF /* Frameworks */,
			);
			sourceTree = "<group>";
		};
		CC4BC8572912EBC200A69FF9 /* Products */ = {
			isa = PBXGroup;
			children = (
				CC4BC8562912EBC200A69FF9 /* Chat.app */,
				CC4BC8662912EBC500A69FF9 /* ChatTests.xctest */,
			);
			name = Products;
			sourceTree = "<group>";
		};
		CC4BC8582912EBC200A69FF9 /* Chat */ = {
			isa = PBXGroup;
			children = (
				CC1E6DF52922AFC800946FAF /* Services */,
				CCDD8470291C1AF8001B4AF7 /* Scenes */,
				CCDD846A291C1841001B4AF7 /* CustomUI */,
				CCDD8463291C0F49001B4AF7 /* Extensions */,
				CC4BC8592912EBC200A69FF9 /* ChatApp.swift */,
				CC1E6DF32922A9E700946FAF /* ChatAppViewModel.swift */,
				CC4BC85B2912EBC200A69FF9 /* ContentView.swift */,
				CC4BC85D2912EBC400A69FF9 /* Assets.xcassets */,
				34879796292E9E090029B95A /* GoogleService-Info.plist */,
				CC4BC85F2912EBC400A69FF9 /* Preview Content */,
			);
			path = Chat;
			sourceTree = "<group>";
		};
		CC4BC85F2912EBC400A69FF9 /* Preview Content */ = {
			isa = PBXGroup;
			children = (
				CC4BC8602912EBC400A69FF9 /* Preview Assets.xcassets */,
			);
			path = "Preview Content";
			sourceTree = "<group>";
		};
		CC4BC8692912EBC500A69FF9 /* ChatTests */ = {
			isa = PBXGroup;
			children = (
				34A5FA7F2937DA2500A25262 /* Services */,
				345F515629353EE000723658 /* Scenes */,
			);
			path = ChatTests;
			sourceTree = "<group>";
		};
		CC4BC8832912F59900A69FF9 /* Model */ = {
			isa = PBXGroup;
			children = (
				CC4BC8842912F5A800A69FF9 /* MessageModel.swift */,
			);
			path = Model;
			sourceTree = "<group>";
		};
		CC4BC8882912FA1300A69FF9 /* Conversation */ = {
			isa = PBXGroup;
			children = (
				CC4BC8832912F59900A69FF9 /* Model */,
				CC4BC8862912F60900A69FF9 /* MessageContentView.swift */,
				CC4BC8892912FA2500A69FF9 /* MessageView.swift */,
				345F51542935343200723658 /* MessageViewModel.swift */,
				CCE16E6C29196CCB006DD1CF /* ConversationView.swift */,
				CCE16E70291981FC006DD1CF /* MessageInputView.swift */,
				CCE16E6E29197582006DD1CF /* ConversationViewModel.swift */,
			);
			path = Conversation;
			sourceTree = "<group>";
		};
		CCDCEFD3292E862300B41445 /* ChatGroupsOverview */ = {
			isa = PBXGroup;
			children = (
				CCDCEFD6292E86C700B41445 /* Model */,
				CCDCEFD4292E864B00B41445 /* ChatGroupsOverviewView.swift */,
				CCDCEFD9292E876B00B41445 /* ChatGroupsOverviewViewModel.swift */,
			);
			path = ChatGroupsOverview;
			sourceTree = "<group>";
		};
		CCDCEFD6292E86C700B41445 /* Model */ = {
			isa = PBXGroup;
			children = (
				CCDCEFD7292E86CF00B41445 /* GroupModel.swift */,
			);
			path = Model;
			sourceTree = "<group>";
		};
		CCDD8463291C0F49001B4AF7 /* Extensions */ = {
			isa = PBXGroup;
			children = (
				CCDD8464291C0F76001B4AF7 /* String+validation.swift */,
			);
			path = Extensions;
			sourceTree = "<group>";
		};
		CCDD846A291C1841001B4AF7 /* CustomUI */ = {
			isa = PBXGroup;
			children = (
				CCDD846B291C1852001B4AF7 /* MainButtonStyle.swift */,
			);
			path = CustomUI;
			sourceTree = "<group>";
		};
		CCDD846D291C1AD6001B4AF7 /* Settings */ = {
			isa = PBXGroup;
			children = (
				CCDD846E291C1ADF001B4AF7 /* SettingsView.swift */,
				CCDD8476291C230F001B4AF7 /* SettingsViewModel.swift */,
			);
			path = Settings;
			sourceTree = "<group>";
		};
		CCDD8470291C1AF8001B4AF7 /* Scenes */ = {
			isa = PBXGroup;
			children = (
				CCDD8473291C1B14001B4AF7 /* Root */,
				CCDD8471291C1AFD001B4AF7 /* Auth */,
			);
			path = Scenes;
			sourceTree = "<group>";
		};
		CCDD8471291C1AFD001B4AF7 /* Auth */ = {
			isa = PBXGroup;
			children = (
				CCDD8472291C1B0A001B4AF7 /* SignUp */,
				CCE16E7229198525006DD1CF /* SignIn */,
			);
			path = Auth;
			sourceTree = "<group>";
		};
		CCDD8472291C1B0A001B4AF7 /* SignUp */ = {
			isa = PBXGroup;
			children = (
				CCE16E7329198533006DD1CF /* SignUpView.swift */,
				CCE16E7529198566006DD1CF /* SignUpViewModel.swift */,
				CC1E6DF82922B12F00946FAF /* SignUpError.swift */,
			);
			path = SignUp;
			sourceTree = "<group>";
		};
		CCDD8473291C1B14001B4AF7 /* Root */ = {
			isa = PBXGroup;
			children = (
				CCDCEFD3292E862300B41445 /* ChatGroupsOverview */,
				CC4BC8882912FA1300A69FF9 /* Conversation */,
				CCDD846D291C1AD6001B4AF7 /* Settings */,
				CCDD8474291C1B2B001B4AF7 /* RootView.swift */,
			);
			path = Root;
			sourceTree = "<group>";
		};
		CCE16E7229198525006DD1CF /* SignIn */ = {
			isa = PBXGroup;
			children = (
				CCDD8466291C1389001B4AF7 /* SignInView.swift */,
				CCDD8468291C1508001B4AF7 /* SignInViewModel.swift */,
			);
			path = SignIn;
			sourceTree = "<group>";
		};
/* End PBXGroup section */

/* Begin PBXNativeTarget section */
		CC4BC8552912EBC200A69FF9 /* Chat */ = {
			isa = PBXNativeTarget;
			buildConfigurationList = CC4BC87A2912EBC500A69FF9 /* Build configuration list for PBXNativeTarget "Chat" */;
			buildPhases = (
				CC4BC8522912EBC200A69FF9 /* Sources */,
				CC4BC8532912EBC200A69FF9 /* Frameworks */,
				CC4BC8542912EBC200A69FF9 /* Resources */,
			);
			buildRules = (
			);
			dependencies = (
			);
			name = Chat;
			packageProductDependencies = (
				CCDD8479291C339E001B4AF7 /* FirebaseAuth */,
				CCDD847B291C339E001B4AF7 /* FirebaseAuthCombine-Community */,
				CCDD847D291C339E001B4AF7 /* FirebaseCrashlytics */,
				CCDD847F291C339E001B4AF7 /* FirebaseStorage */,
				CCDD8481291C339E001B4AF7 /* FirebaseStorageCombine-Community */,
				CC08010C292BF71600A6C02F /* FirebaseFirestore */,
				CC08010E292BF71C00A6C02F /* FirebaseFirestoreCombine-Community */,
			);
			productName = Chat;
			productReference = CC4BC8562912EBC200A69FF9 /* Chat.app */;
			productType = "com.apple.product-type.application";
		};
		CC4BC8652912EBC500A69FF9 /* ChatTests */ = {
			isa = PBXNativeTarget;
			buildConfigurationList = CC4BC87D2912EBC500A69FF9 /* Build configuration list for PBXNativeTarget "ChatTests" */;
			buildPhases = (
				CC4BC8622912EBC500A69FF9 /* Sources */,
				CC4BC8632912EBC500A69FF9 /* Frameworks */,
				CC4BC8642912EBC500A69FF9 /* Resources */,
			);
			buildRules = (
			);
			dependencies = (
				CC4BC8682912EBC500A69FF9 /* PBXTargetDependency */,
			);
			name = ChatTests;
			productName = ChatTests;
			productReference = CC4BC8662912EBC500A69FF9 /* ChatTests.xctest */;
			productType = "com.apple.product-type.bundle.unit-test";
		};
/* End PBXNativeTarget section */

/* Begin PBXProject section */
		CC4BC84E2912EBC200A69FF9 /* Project object */ = {
			isa = PBXProject;
			attributes = {
				BuildIndependentTargetsInParallel = 1;
				LastSwiftUpdateCheck = 1410;
				LastUpgradeCheck = 1410;
				TargetAttributes = {
					CC4BC8552912EBC200A69FF9 = {
						CreatedOnToolsVersion = 14.1;
					};
					CC4BC8652912EBC500A69FF9 = {
						CreatedOnToolsVersion = 14.1;
					};
				};
			};
			buildConfigurationList = CC4BC8512912EBC200A69FF9 /* Build configuration list for PBXProject "Chat" */;
			compatibilityVersion = "Xcode 14.0";
			developmentRegion = en;
			hasScannedForEncodings = 0;
			knownRegions = (
				en,
				Base,
			);
			mainGroup = CC4BC84D2912EBC200A69FF9;
			packageReferences = (
				CCDD8478291C339E001B4AF7 /* XCRemoteSwiftPackageReference "firebase-ios-sdk" */,
			);
			productRefGroup = CC4BC8572912EBC200A69FF9 /* Products */;
			projectDirPath = "";
			projectRoot = "";
			targets = (
				CC4BC8552912EBC200A69FF9 /* Chat */,
				CC4BC8652912EBC500A69FF9 /* ChatTests */,
			);
		};
/* End PBXProject section */

/* Begin PBXResourcesBuildPhase section */
		CC4BC8542912EBC200A69FF9 /* Resources */ = {
			isa = PBXResourcesBuildPhase;
			buildActionMask = 2147483647;
			files = (
				CC4BC8612912EBC400A69FF9 /* Preview Assets.xcassets in Resources */,
				CC4BC85E2912EBC400A69FF9 /* Assets.xcassets in Resources */,
				34879797292E9E090029B95A /* GoogleService-Info.plist in Resources */,
			);
			runOnlyForDeploymentPostprocessing = 0;
		};
		CC4BC8642912EBC500A69FF9 /* Resources */ = {
			isa = PBXResourcesBuildPhase;
			buildActionMask = 2147483647;
			files = (
			);
			runOnlyForDeploymentPostprocessing = 0;
		};
/* End PBXResourcesBuildPhase section */

/* Begin PBXSourcesBuildPhase section */
		CC4BC8522912EBC200A69FF9 /* Sources */ = {
			isa = PBXSourcesBuildPhase;
			buildActionMask = 2147483647;
			files = (
				CC1E6DF92922B12F00946FAF /* SignUpError.swift in Sources */,
				CCDCEFDA292E876B00B41445 /* ChatGroupsOverviewViewModel.swift in Sources */,
				CCDCEFD8292E86CF00B41445 /* GroupModel.swift in Sources */,
				CCDD846F291C1ADF001B4AF7 /* SettingsView.swift in Sources */,
				CCE16E6F29197582006DD1CF /* ConversationViewModel.swift in Sources */,
				CCE16E71291981FC006DD1CF /* MessageInputView.swift in Sources */,
				345F51552935343200723658 /* MessageViewModel.swift in Sources */,
				CCE16E7629198566006DD1CF /* SignUpViewModel.swift in Sources */,
				CC1E6DF42922A9E700946FAF /* ChatAppViewModel.swift in Sources */,
				CC4BC85C2912EBC200A69FF9 /* ContentView.swift in Sources */,
				CC1E6DF72922AFD800946FAF /* AuthService.swift in Sources */,
				CCDD8469291C1508001B4AF7 /* SignInViewModel.swift in Sources */,
				CCDD8465291C0F76001B4AF7 /* String+validation.swift in Sources */,
				345F515329352D6F00723658 /* UsersService.swift in Sources */,
				CCDD846C291C1852001B4AF7 /* MainButtonStyle.swift in Sources */,
				CC080113292BF80200A6C02F /* DbMessageModel.swift in Sources */,
				CCDD8477291C230F001B4AF7 /* SettingsViewModel.swift in Sources */,
				CCDD8475291C1B2B001B4AF7 /* RootView.swift in Sources */,
				34879799292EAB0E0029B95A /* UserModel.swift in Sources */,
				CC1E6DFD2922BA1200946FAF /* SettingsService.swift in Sources */,
				CC4BC8852912F5A800A69FF9 /* MessageModel.swift in Sources */,
				CCDD8467291C1389001B4AF7 /* SignInView.swift in Sources */,
				CCDCEFD5292E864B00B41445 /* ChatGroupsOverviewView.swift in Sources */,
				CC4BC8872912F60900A69FF9 /* MessageContentView.swift in Sources */,
				CC4BC85A2912EBC200A69FF9 /* ChatApp.swift in Sources */,
				CC4BC88A2912FA2500A69FF9 /* MessageView.swift in Sources */,
				CCE16E7429198533006DD1CF /* SignUpView.swift in Sources */,
				CCE16E6D29196CCB006DD1CF /* ConversationView.swift in Sources */,
				CC08010B292BF60900A6C02F /* ChatService.swift in Sources */,
			);
			runOnlyForDeploymentPostprocessing = 0;
		};
		CC4BC8622912EBC500A69FF9 /* Sources */ = {
			isa = PBXSourcesBuildPhase;
			buildActionMask = 2147483647;
			files = (
				345F515929353F3600723658 /* ConversationViewModelTests.swift in Sources */,
				34A5FA862937E57B00A25262 /* FirestoreMock.swift in Sources */,
				34A5FA7E2937C65C00A25262 /* AuthServiceMock.swift in Sources */,
				345F515C293540D300723658 /* ChatServiceMock.swift in Sources */,
				34A5FA812937DA4400A25262 /* SettingsServiceTests.swift in Sources */,
				34A5FA842937E17F00A25262 /* StorageMock.swift in Sources */,
			);
			runOnlyForDeploymentPostprocessing = 0;
		};
/* End PBXSourcesBuildPhase section */

/* Begin PBXTargetDependency section */
		CC4BC8682912EBC500A69FF9 /* PBXTargetDependency */ = {
			isa = PBXTargetDependency;
			target = CC4BC8552912EBC200A69FF9 /* Chat */;
			targetProxy = CC4BC8672912EBC500A69FF9 /* PBXContainerItemProxy */;
		};
/* End PBXTargetDependency section */

/* Begin XCBuildConfiguration section */
		CC4BC8782912EBC500A69FF9 /* Debug */ = {
			isa = XCBuildConfiguration;
			buildSettings = {
				ALWAYS_SEARCH_USER_PATHS = NO;
				CLANG_ANALYZER_NONNULL = YES;
				CLANG_ANALYZER_NUMBER_OBJECT_CONVERSION = YES_AGGRESSIVE;
				CLANG_CXX_LANGUAGE_STANDARD = "gnu++20";
				CLANG_ENABLE_MODULES = YES;
				CLANG_ENABLE_OBJC_ARC = YES;
				CLANG_ENABLE_OBJC_WEAK = YES;
				CLANG_WARN_BLOCK_CAPTURE_AUTORELEASING = YES;
				CLANG_WARN_BOOL_CONVERSION = YES;
				CLANG_WARN_COMMA = YES;
				CLANG_WARN_CONSTANT_CONVERSION = YES;
				CLANG_WARN_DEPRECATED_OBJC_IMPLEMENTATIONS = YES;
				CLANG_WARN_DIRECT_OBJC_ISA_USAGE = YES_ERROR;
				CLANG_WARN_DOCUMENTATION_COMMENTS = YES;
				CLANG_WARN_EMPTY_BODY = YES;
				CLANG_WARN_ENUM_CONVERSION = YES;
				CLANG_WARN_INFINITE_RECURSION = YES;
				CLANG_WARN_INT_CONVERSION = YES;
				CLANG_WARN_NON_LITERAL_NULL_CONVERSION = YES;
				CLANG_WARN_OBJC_IMPLICIT_RETAIN_SELF = YES;
				CLANG_WARN_OBJC_LITERAL_CONVERSION = YES;
				CLANG_WARN_OBJC_ROOT_CLASS = YES_ERROR;
				CLANG_WARN_QUOTED_INCLUDE_IN_FRAMEWORK_HEADER = YES;
				CLANG_WARN_RANGE_LOOP_ANALYSIS = YES;
				CLANG_WARN_STRICT_PROTOTYPES = YES;
				CLANG_WARN_SUSPICIOUS_MOVE = YES;
				CLANG_WARN_UNGUARDED_AVAILABILITY = YES_AGGRESSIVE;
				CLANG_WARN_UNREACHABLE_CODE = YES;
				CLANG_WARN__DUPLICATE_METHOD_MATCH = YES;
				COPY_PHASE_STRIP = NO;
				DEBUG_INFORMATION_FORMAT = dwarf;
				ENABLE_STRICT_OBJC_MSGSEND = YES;
				ENABLE_TESTABILITY = YES;
				FRAMEWORK_SEARCH_PATHS = "$(SRCROOT)";
				GCC_C_LANGUAGE_STANDARD = gnu11;
				GCC_DYNAMIC_NO_PIC = NO;
				GCC_NO_COMMON_BLOCKS = YES;
				GCC_OPTIMIZATION_LEVEL = 0;
				GCC_PREPROCESSOR_DEFINITIONS = (
					"DEBUG=1",
					"$(inherited)",
				);
				GCC_WARN_64_TO_32_BIT_CONVERSION = YES;
				GCC_WARN_ABOUT_RETURN_TYPE = YES_ERROR;
				GCC_WARN_UNDECLARED_SELECTOR = YES;
				GCC_WARN_UNINITIALIZED_AUTOS = YES_AGGRESSIVE;
				GCC_WARN_UNUSED_FUNCTION = YES;
				GCC_WARN_UNUSED_VARIABLE = YES;
				IPHONEOS_DEPLOYMENT_TARGET = 16.1;
				MTL_ENABLE_DEBUG_INFO = INCLUDE_SOURCE;
				MTL_FAST_MATH = YES;
				ONLY_ACTIVE_ARCH = YES;
				SDKROOT = iphoneos;
				SWIFT_ACTIVE_COMPILATION_CONDITIONS = DEBUG;
				SWIFT_OPTIMIZATION_LEVEL = "-Onone";
			};
			name = Debug;
		};
		CC4BC8792912EBC500A69FF9 /* Release */ = {
			isa = XCBuildConfiguration;
			buildSettings = {
				ALWAYS_SEARCH_USER_PATHS = NO;
				CLANG_ANALYZER_NONNULL = YES;
				CLANG_ANALYZER_NUMBER_OBJECT_CONVERSION = YES_AGGRESSIVE;
				CLANG_CXX_LANGUAGE_STANDARD = "gnu++20";
				CLANG_ENABLE_MODULES = YES;
				CLANG_ENABLE_OBJC_ARC = YES;
				CLANG_ENABLE_OBJC_WEAK = YES;
				CLANG_WARN_BLOCK_CAPTURE_AUTORELEASING = YES;
				CLANG_WARN_BOOL_CONVERSION = YES;
				CLANG_WARN_COMMA = YES;
				CLANG_WARN_CONSTANT_CONVERSION = YES;
				CLANG_WARN_DEPRECATED_OBJC_IMPLEMENTATIONS = YES;
				CLANG_WARN_DIRECT_OBJC_ISA_USAGE = YES_ERROR;
				CLANG_WARN_DOCUMENTATION_COMMENTS = YES;
				CLANG_WARN_EMPTY_BODY = YES;
				CLANG_WARN_ENUM_CONVERSION = YES;
				CLANG_WARN_INFINITE_RECURSION = YES;
				CLANG_WARN_INT_CONVERSION = YES;
				CLANG_WARN_NON_LITERAL_NULL_CONVERSION = YES;
				CLANG_WARN_OBJC_IMPLICIT_RETAIN_SELF = YES;
				CLANG_WARN_OBJC_LITERAL_CONVERSION = YES;
				CLANG_WARN_OBJC_ROOT_CLASS = YES_ERROR;
				CLANG_WARN_QUOTED_INCLUDE_IN_FRAMEWORK_HEADER = YES;
				CLANG_WARN_RANGE_LOOP_ANALYSIS = YES;
				CLANG_WARN_STRICT_PROTOTYPES = YES;
				CLANG_WARN_SUSPICIOUS_MOVE = YES;
				CLANG_WARN_UNGUARDED_AVAILABILITY = YES_AGGRESSIVE;
				CLANG_WARN_UNREACHABLE_CODE = YES;
				CLANG_WARN__DUPLICATE_METHOD_MATCH = YES;
				COPY_PHASE_STRIP = NO;
				DEBUG_INFORMATION_FORMAT = "dwarf-with-dsym";
				ENABLE_NS_ASSERTIONS = NO;
				ENABLE_STRICT_OBJC_MSGSEND = YES;
				FRAMEWORK_SEARCH_PATHS = "$(SRCROOT)";
				GCC_C_LANGUAGE_STANDARD = gnu11;
				GCC_NO_COMMON_BLOCKS = YES;
				GCC_WARN_64_TO_32_BIT_CONVERSION = YES;
				GCC_WARN_ABOUT_RETURN_TYPE = YES_ERROR;
				GCC_WARN_UNDECLARED_SELECTOR = YES;
				GCC_WARN_UNINITIALIZED_AUTOS = YES_AGGRESSIVE;
				GCC_WARN_UNUSED_FUNCTION = YES;
				GCC_WARN_UNUSED_VARIABLE = YES;
				IPHONEOS_DEPLOYMENT_TARGET = 16.1;
				MTL_ENABLE_DEBUG_INFO = NO;
				MTL_FAST_MATH = YES;
				SDKROOT = iphoneos;
				SWIFT_COMPILATION_MODE = wholemodule;
				SWIFT_OPTIMIZATION_LEVEL = "-O";
				VALIDATE_PRODUCT = YES;
			};
			name = Release;
		};
		CC4BC87B2912EBC500A69FF9 /* Debug */ = {
			isa = XCBuildConfiguration;
			buildSettings = {
				ASSETCATALOG_COMPILER_APPICON_NAME = AppIcon;
				ASSETCATALOG_COMPILER_GLOBAL_ACCENT_COLOR_NAME = AccentColor;
				CODE_SIGN_STYLE = Automatic;
				CURRENT_PROJECT_VERSION = 1;
				DEVELOPMENT_ASSET_PATHS = "\"Chat/Preview Content\"";
				DEVELOPMENT_TEAM = MK6NLH3LG7;
				ENABLE_ON_DEMAND_RESOURCES = NO;
				ENABLE_PREVIEWS = NO;
				GENERATE_INFOPLIST_FILE = YES;
				INFOPLIST_KEY_UIApplicationSceneManifest_Generation = YES;
				INFOPLIST_KEY_UIApplicationSupportsIndirectInputEvents = YES;
				INFOPLIST_KEY_UILaunchScreen_Generation = YES;
				INFOPLIST_KEY_UISupportedInterfaceOrientations_iPad = "UIInterfaceOrientationPortrait UIInterfaceOrientationPortraitUpsideDown UIInterfaceOrientationLandscapeLeft UIInterfaceOrientationLandscapeRight";
				INFOPLIST_KEY_UISupportedInterfaceOrientations_iPhone = "UIInterfaceOrientationPortrait UIInterfaceOrientationLandscapeLeft UIInterfaceOrientationLandscapeRight";
				IPHONEOS_DEPLOYMENT_TARGET = 16.0;
				LD_RUNPATH_SEARCH_PATHS = (
					"$(inherited)",
					"@executable_path/Frameworks",
				);
				MARKETING_VERSION = 1.0;
				PRODUCT_BUNDLE_IDENTIFIER = com.polachova.rachel.Chat;
				PRODUCT_NAME = "$(TARGET_NAME)";
				SWIFT_EMIT_LOC_STRINGS = YES;
				SWIFT_VERSION = 5.0;
				TARGETED_DEVICE_FAMILY = "1,2";
			};
			name = Debug;
		};
		CC4BC87C2912EBC500A69FF9 /* Release */ = {
			isa = XCBuildConfiguration;
			buildSettings = {
				ASSETCATALOG_COMPILER_APPICON_NAME = AppIcon;
				ASSETCATALOG_COMPILER_GLOBAL_ACCENT_COLOR_NAME = AccentColor;
				CODE_SIGN_STYLE = Automatic;
				CURRENT_PROJECT_VERSION = 1;
				DEVELOPMENT_ASSET_PATHS = "\"Chat/Preview Content\"";
				DEVELOPMENT_TEAM = MK6NLH3LG7;
				ENABLE_ON_DEMAND_RESOURCES = NO;
				ENABLE_PREVIEWS = NO;
				GENERATE_INFOPLIST_FILE = YES;
				INFOPLIST_KEY_UIApplicationSceneManifest_Generation = YES;
				INFOPLIST_KEY_UIApplicationSupportsIndirectInputEvents = YES;
				INFOPLIST_KEY_UILaunchScreen_Generation = YES;
				INFOPLIST_KEY_UISupportedInterfaceOrientations_iPad = "UIInterfaceOrientationPortrait UIInterfaceOrientationPortraitUpsideDown UIInterfaceOrientationLandscapeLeft UIInterfaceOrientationLandscapeRight";
				INFOPLIST_KEY_UISupportedInterfaceOrientations_iPhone = "UIInterfaceOrientationPortrait UIInterfaceOrientationLandscapeLeft UIInterfaceOrientationLandscapeRight";
				IPHONEOS_DEPLOYMENT_TARGET = 16.0;
				LD_RUNPATH_SEARCH_PATHS = (
					"$(inherited)",
					"@executable_path/Frameworks",
				);
				MARKETING_VERSION = 1.0;
				PRODUCT_BUNDLE_IDENTIFIER = com.polachova.rachel.Chat;
				PRODUCT_NAME = "$(TARGET_NAME)";
				SWIFT_EMIT_LOC_STRINGS = YES;
				SWIFT_VERSION = 5.0;
				TARGETED_DEVICE_FAMILY = "1,2";
			};
			name = Release;
		};
		CC4BC87E2912EBC500A69FF9 /* Debug */ = {
			isa = XCBuildConfiguration;
			buildSettings = {
				ALWAYS_EMBED_SWIFT_STANDARD_LIBRARIES = "$(EMBEDDED_CONTENT_CONTAINS_SWIFT)";
				CODE_SIGN_IDENTITY = "";
				CODE_SIGN_STYLE = Automatic;
				CURRENT_PROJECT_VERSION = 1;
				DEVELOPMENT_TEAM = "";
				GENERATE_INFOPLIST_FILE = YES;
				IPHONEOS_DEPLOYMENT_TARGET = 16.0;
				LD_RUNPATH_SEARCH_PATHS = (
					"$(inherited)",
					"@executable_path/../Frameworks",
					"@loader_path/../Frameworks",
				);
				MARKETING_VERSION = 1.0;
				OTHER_SWIFT_FLAGS = "";
				PRODUCT_BUNDLE_IDENTIFIER = com.polachova.rachel.ChatTests;
				PRODUCT_NAME = "$(TARGET_NAME)";
				PROVISIONING_PROFILE_SPECIFIER = "";
				SWIFT_EMIT_LOC_STRINGS = NO;
				SWIFT_VERSION = 5.0;
				TARGETED_DEVICE_FAMILY = "1,2";
			};
			name = Debug;
		};
		CC4BC87F2912EBC500A69FF9 /* Release */ = {
			isa = XCBuildConfiguration;
			buildSettings = {
				ALWAYS_EMBED_SWIFT_STANDARD_LIBRARIES = "$(EMBEDDED_CONTENT_CONTAINS_SWIFT)";
				CODE_SIGN_IDENTITY = "";
				CODE_SIGN_STYLE = Automatic;
				CURRENT_PROJECT_VERSION = 1;
				DEVELOPMENT_TEAM = "";
				GENERATE_INFOPLIST_FILE = YES;
				IPHONEOS_DEPLOYMENT_TARGET = 16.0;
				LD_RUNPATH_SEARCH_PATHS = (
					"$(inherited)",
					"@executable_path/../Frameworks",
					"@loader_path/../Frameworks",
				);
				MARKETING_VERSION = 1.0;
				OTHER_SWIFT_FLAGS = "";
				PRODUCT_BUNDLE_IDENTIFIER = com.polachova.rachel.ChatTests;
				PRODUCT_NAME = "$(TARGET_NAME)";
				PROVISIONING_PROFILE_SPECIFIER = "";
				SWIFT_EMIT_LOC_STRINGS = NO;
				SWIFT_VERSION = 5.0;
				TARGETED_DEVICE_FAMILY = "1,2";
			};
			name = Release;
		};
/* End XCBuildConfiguration section */

/* Begin XCConfigurationList section */
		CC4BC8512912EBC200A69FF9 /* Build configuration list for PBXProject "Chat" */ = {
			isa = XCConfigurationList;
			buildConfigurations = (
				CC4BC8782912EBC500A69FF9 /* Debug */,
				CC4BC8792912EBC500A69FF9 /* Release */,
			);
			defaultConfigurationIsVisible = 0;
			defaultConfigurationName = Release;
		};
		CC4BC87A2912EBC500A69FF9 /* Build configuration list for PBXNativeTarget "Chat" */ = {
			isa = XCConfigurationList;
			buildConfigurations = (
				CC4BC87B2912EBC500A69FF9 /* Debug */,
				CC4BC87C2912EBC500A69FF9 /* Release */,
			);
			defaultConfigurationIsVisible = 0;
			defaultConfigurationName = Release;
		};
		CC4BC87D2912EBC500A69FF9 /* Build configuration list for PBXNativeTarget "ChatTests" */ = {
			isa = XCConfigurationList;
			buildConfigurations = (
				CC4BC87E2912EBC500A69FF9 /* Debug */,
				CC4BC87F2912EBC500A69FF9 /* Release */,
			);
			defaultConfigurationIsVisible = 0;
			defaultConfigurationName = Release;
		};
/* End XCConfigurationList section */

/* Begin XCRemoteSwiftPackageReference section */
		CCDD8478291C339E001B4AF7 /* XCRemoteSwiftPackageReference "firebase-ios-sdk" */ = {
			isa = XCRemoteSwiftPackageReference;
			repositoryURL = "https://github.com/firebase/firebase-ios-sdk";
			requirement = {
				kind = upToNextMajorVersion;
				minimumVersion = 9.0.0;
			};
		};
/* End XCRemoteSwiftPackageReference section */

/* Begin XCSwiftPackageProductDependency section */
		CC08010C292BF71600A6C02F /* FirebaseFirestore */ = {
			isa = XCSwiftPackageProductDependency;
			package = CCDD8478291C339E001B4AF7 /* XCRemoteSwiftPackageReference "firebase-ios-sdk" */;
			productName = FirebaseFirestore;
		};
		CC08010E292BF71C00A6C02F /* FirebaseFirestoreCombine-Community */ = {
			isa = XCSwiftPackageProductDependency;
			package = CCDD8478291C339E001B4AF7 /* XCRemoteSwiftPackageReference "firebase-ios-sdk" */;
			productName = "FirebaseFirestoreCombine-Community";
		};
		CCDD8479291C339E001B4AF7 /* FirebaseAuth */ = {
			isa = XCSwiftPackageProductDependency;
			package = CCDD8478291C339E001B4AF7 /* XCRemoteSwiftPackageReference "firebase-ios-sdk" */;
			productName = FirebaseAuth;
		};
		CCDD847B291C339E001B4AF7 /* FirebaseAuthCombine-Community */ = {
			isa = XCSwiftPackageProductDependency;
			package = CCDD8478291C339E001B4AF7 /* XCRemoteSwiftPackageReference "firebase-ios-sdk" */;
			productName = "FirebaseAuthCombine-Community";
		};
		CCDD847D291C339E001B4AF7 /* FirebaseCrashlytics */ = {
			isa = XCSwiftPackageProductDependency;
			package = CCDD8478291C339E001B4AF7 /* XCRemoteSwiftPackageReference "firebase-ios-sdk" */;
			productName = FirebaseCrashlytics;
		};
		CCDD847F291C339E001B4AF7 /* FirebaseStorage */ = {
			isa = XCSwiftPackageProductDependency;
			package = CCDD8478291C339E001B4AF7 /* XCRemoteSwiftPackageReference "firebase-ios-sdk" */;
			productName = FirebaseStorage;
		};
		CCDD8481291C339E001B4AF7 /* FirebaseStorageCombine-Community */ = {
			isa = XCSwiftPackageProductDependency;
			package = CCDD8478291C339E001B4AF7 /* XCRemoteSwiftPackageReference "firebase-ios-sdk" */;
			productName = "FirebaseStorageCombine-Community";
		};
/* End XCSwiftPackageProductDependency section */
	};
	rootObject = CC4BC84E2912EBC200A69FF9 /* Project object */;
}
